
Microsoft Visual Studio Solution File, Format Version 12.00
# Visual Studio Version 17
VisualStudioVersion = 17.5.33530.505
MinimumVisualStudioVersion = 10.0.40219.1
Project("{FAE04EC0-301F-11D3-BF4B-00C04F79EFBC}") = "ToDoListApp", "ToDoListApp\ToDoListApp.csproj", "{803F01B5-4BB8-4E8E-A6F0-DB8006C695E5}"
EndProject
Global
	GlobalSection(SolutionConfigurationPlatforms) = preSolution
		Debug|Any CPU = Debug|Any CPU
		Release|Any CPU = Release|Any CPU
	EndGlobalSection
	GlobalSection(ProjectConfigurationPlatforms) = postSolution
		{803F01B5-4BB8-4E8E-A6F0-DB8006C695E5}.Debug|Any CPU.ActiveCfg = Debug|Any CPU
		{803F01B5-4BB8-4E8E-A6F0-DB8006C695E5}.Debug|Any CPU.Build.0 = Debug|Any CPU
		{803F01B5-4BB8-4E8E-A6F0-DB8006C695E5}.Release|Any CPU.ActiveCfg = Release|Any CPU
		{803F01B5-4BB8-4E8E-A6F0-DB8006C695E5}.Release|Any CPU.Build.0 = Release|Any CPU
	EndGlobalSection
	GlobalSection(SolutionProperties) = preSolution
		HideSolutionNode = FALSE
	EndGlobalSection
	GlobalSection(ExtensibilityGlobals) = postSolution
		SolutionGuid = {8FA73CF7-DBCC-4741-8424-E0F5C81C165D}
	EndGlobalSection
EndGlobal
